
Microsoft Visual Studio Solution File, Format Version 12.00
# Visual Studio Version 17
VisualStudioVersion = 17.0.32112.339
MinimumVisualStudioVersion = 10.0.40219.1
Project("{FAE04EC0-301F-11D3-BF4B-00C04F79EFBC}") = "CarRental", "CarRental\CarRental.csproj", "{1546FD77-54B8-4DBF-8197-FE83EB5D2767}"
EndProject
Project("{FAE04EC0-301F-11D3-BF4B-00C04F79EFBC}") = "CarRentalTests", "CarRentalTests\CarRentalTests.csproj", "{65B0907D-A317-4F94-880F-6D1347FAEDAA}"
EndProject
Project("{FAE04EC0-301F-11D3-BF4B-00C04F79EFBC}") = "CarRentalLibrary", "CarRentalLibrary\CarRentalLibrary.csproj", "{F02CA0F0-C27D-4A3B-867B-0D8ED5187D2D}"
EndProject
Project("{54435603-DBB4-11D2-8724-00A0C9A8B90C}") = "SetupProject", "CarRental\SetupProject\SetupProject.vdproj", "{487F3741-A6E2-4324-870A-CA17CF43CD19}"
EndProject
Global
	GlobalSection(SolutionConfigurationPlatforms) = preSolution
		Debug|Any CPU = Debug|Any CPU
		Release|Any CPU = Release|Any CPU
	EndGlobalSection
	GlobalSection(ProjectConfigurationPlatforms) = postSolution
		{1546FD77-54B8-4DBF-8197-FE83EB5D2767}.Debug|Any CPU.ActiveCfg = Debug|Any CPU
		{1546FD77-54B8-4DBF-8197-FE83EB5D2767}.Debug|Any CPU.Build.0 = Debug|Any CPU
		{1546FD77-54B8-4DBF-8197-FE83EB5D2767}.Release|Any CPU.ActiveCfg = Release|Any CPU
		{1546FD77-54B8-4DBF-8197-FE83EB5D2767}.Release|Any CPU.Build.0 = Release|Any CPU
		{65B0907D-A317-4F94-880F-6D1347FAEDAA}.Debug|Any CPU.ActiveCfg = Debug|Any CPU
		{65B0907D-A317-4F94-880F-6D1347FAEDAA}.Debug|Any CPU.Build.0 = Debug|Any CPU
		{65B0907D-A317-4F94-880F-6D1347FAEDAA}.Release|Any CPU.ActiveCfg = Release|Any CPU
		{65B0907D-A317-4F94-880F-6D1347FAEDAA}.Release|Any CPU.Build.0 = Release|Any CPU
		{F02CA0F0-C27D-4A3B-867B-0D8ED5187D2D}.Debug|Any CPU.ActiveCfg = Debug|Any CPU
		{F02CA0F0-C27D-4A3B-867B-0D8ED5187D2D}.Debug|Any CPU.Build.0 = Debug|Any CPU
		{F02CA0F0-C27D-4A3B-867B-0D8ED5187D2D}.Release|Any CPU.ActiveCfg = Release|Any CPU
		{F02CA0F0-C27D-4A3B-867B-0D8ED5187D2D}.Release|Any CPU.Build.0 = Release|Any CPU
		{487F3741-A6E2-4324-870A-CA17CF43CD19}.Debug|Any CPU.ActiveCfg = Debug
		{487F3741-A6E2-4324-870A-CA17CF43CD19}.Release|Any CPU.ActiveCfg = Release
	EndGlobalSection
	GlobalSection(SolutionProperties) = preSolution
		HideSolutionNode = FALSE
	EndGlobalSection
	GlobalSection(ExtensibilityGlobals) = postSolution
		SolutionGuid = {C174C571-95B2-47E9-8965-FD7912E5DAD6}
	EndGlobalSection
EndGlobal
